
Microsoft Visual Studio Solution File, Format Version 12.00
# Visual Studio Version 16
VisualStudioVersion = 16.0.810.4
MinimumVisualStudioVersion = 10.0.40219.1
Project("{FAE04EC0-301F-11D3-BF4B-00C04F79EFBC}") = "aluraflix-api", "aluraflix-api\aluraflix-api.csproj", "{B138F786-3EE7-470C-A987-F2ADC6B0B7A8}"
EndProject
Global
	GlobalSection(SolutionConfigurationPlatforms) = preSolution
		Debug|Any CPU = Debug|Any CPU
		Release|Any CPU = Release|Any CPU
	EndGlobalSection
	GlobalSection(ProjectConfigurationPlatforms) = postSolution
		{B138F786-3EE7-470C-A987-F2ADC6B0B7A8}.Debug|Any CPU.ActiveCfg = Debug|Any CPU
		{B138F786-3EE7-470C-A987-F2ADC6B0B7A8}.Debug|Any CPU.Build.0 = Debug|Any CPU
		{B138F786-3EE7-470C-A987-F2ADC6B0B7A8}.Release|Any CPU.ActiveCfg = Release|Any CPU
		{B138F786-3EE7-470C-A987-F2ADC6B0B7A8}.Release|Any CPU.Build.0 = Release|Any CPU
	EndGlobalSection
	GlobalSection(SolutionProperties) = preSolution
		HideSolutionNode = FALSE
	EndGlobalSection
	GlobalSection(ExtensibilityGlobals) = postSolution
		SolutionGuid = {25BDB831-BBA5-42B5-B913-7AF91349AC7D}
	EndGlobalSection
EndGlobal
